# This file is auto-generated by wado. Do not edit manually.
version = 1
deps-hash = "sha256:695b7a45560c2a6d3bb94e8058557472588b30b939b7a6724da8e985acc5234c"

[[package]]
id = "registry+oci://ghcr.io/wado-lang:gale-highlight-wado"
version = "0.0.30"
integrity = "sha256:b083d8ee929b35230b656e8d5aabbb5e7d3eff018dd072161197fdd5a6914f54"
deps = []

[[package]]
id = "registry+oci://ghcr.io/wado-lang:marl"
version = "0.0.30"
integrity = "sha256:247e9aacb57e2fc9e97a5839a5f4154938b098e5826533943602807bd9b98fd9"
deps = []
