# This file is auto-generated by wado. Do not edit manually.
version = 1
deps-hash = "sha256:88ee281e4542659b34ef46da3697e5298f9ffeac21b98699993230195ead4c8a"

[[package]]
id = "registry+oci://ghcr.io/wado-lang:gale-highlight-wado"
version = "0.0.32"
integrity = "sha256:67f454f0c9cd3f64f99b616bbfd5f23dfd613bc151c885aab23547c93f738ac9"
deps = []

[[package]]
id = "registry+oci://ghcr.io/wado-lang:marl"
version = "0.0.32"
integrity = "sha256:01d22beb63119b52b10e6859aa69ed98fc7c89337c3e1e813c44045926725511"
deps = []
