# This file is auto-generated by wado. Do not edit manually.
version = 1
deps-hash = "sha256:c853c5953c3d508337dcb1b9ac8e1b60b6fbc5da5e1fe7ce3f4cdd09c0aa207a"

[[package]]
id = "registry+oci://ghcr.io/wado-lang:gale-highlight-wado"
version = "0.0.28"
integrity = "sha256:ba106c18d4f2a254f35126e4e02791d2091d999a3e114aa2a178e7a67a1d5bd5"
deps = []

[[package]]
id = "registry+oci://ghcr.io/wado-lang:marl"
version = "0.0.28"
integrity = "sha256:6c8aad76e23ecc5e15525b4bfcc1b23c7036d494325ea7a3656675abe75b0976"
deps = []
